{
  "lockfileVersion": 1,
  "configVersion": 1,
  "workspaces": {
    "": {
      "name": "examples",
      "devDependencies": {
        "@vbilopav/pgmigrations": "^0.58.0",
        "npgsqlrest": "^3.18.1",
      },
    },
  },
  "trustedDependencies": [
    "npgsqlrest",
  ],
  "packages": {
    "@vbilopav/pgmigrations": ["@vbilopav/pgmigrations@0.58.0", "", { "dependencies": { "dotenv": "^16.4.7" }, "bin": { "pgmigrations": "pgmigrations.js" } }, "sha512-rk7ooYv5+crzvgQn+LDscDI7DjJCmUn/HqchdZvOfOLruEW7SzLt1kpfAFUMVEDfFCBo1iQGvvqQ/GzbVBwq8A=="],

    "dotenv": ["dotenv@16.6.1", "", {}, "sha512-uBq4egWHTcTt33a72vpSG0z3HnPuIl6NqYcTrKEg2azoEyl2hpW0zqlxysq2pK9HlDIHyHyakeYaYnSAwd8bow=="],

    "npgsqlrest": ["npgsqlrest@3.18.2", "", { "bin": { "npgsqlrest": "bin/npgsqlrest.js" } }, "sha512-xYGHQ1DkPB/LpkOsFYNqvWadMoe4wu8Pn+DAi0/dFqgsR2EsLrP+rhhm4JWpVRXbC4mo03GwlR83PCegpd+jmw=="],
  }
}
